
Microsoft Visual Studio Solution File, Format Version 12.00
# Visual Studio Version 17
VisualStudioVersion = 17.9.34607.119
MinimumVisualStudioVersion = 10.0.40219.1
Project("{FAE04EC0-301F-11D3-BF4B-00C04F79EFBC}") = "XboxControllerMapper", "XboxControllerMapper.csproj", "{87CD9A2F-8549-4856-81ED-99D67EB28D3D}"
EndProject
Global
	GlobalSection(SolutionConfigurationPlatforms) = preSolution
		Debug|Any CPU = Debug|Any CPU
		Release|Any CPU = Release|Any CPU
	EndGlobalSection
	GlobalSection(ProjectConfigurationPlatforms) = postSolution
		{87CD9A2F-8549-4856-81ED-99D67EB28D3D}.Debug|Any CPU.ActiveCfg = Debug|Any CPU
		{87CD9A2F-8549-4856-81ED-99D67EB28D3D}.Debug|Any CPU.Build.0 = Debug|Any CPU
		{87CD9A2F-8549-4856-81ED-99D67EB28D3D}.Release|Any CPU.ActiveCfg = Release|Any CPU
		{87CD9A2F-8549-4856-81ED-99D67EB28D3D}.Release|Any CPU.Build.0 = Release|Any CPU
	EndGlobalSection
	GlobalSection(SolutionProperties) = preSolution
		HideSolutionNode = FALSE
	EndGlobalSection
	GlobalSection(ExtensibilityGlobals) = postSolution
		SolutionGuid = {E93AC458-3825-4AA3-BA5F-0C6372E71748}
	EndGlobalSection
EndGlobal
